
Microsoft Visual Studio Solution File, Format Version 12.00
# Visual Studio Version 16
VisualStudioVersion = 16.0.30717.126
MinimumVisualStudioVersion = 10.0.40219.1
Project("{9A19103F-16F7-4668-BE54-9A1E7A4F7556}") = "EVote.Mobile.10", "EVote.Mobile.10\EVote.Mobile.10.csproj", "{5D54CB52-453C-47D7-91B0-F434D86FA29B}"
EndProject
Global
	GlobalSection(SolutionConfigurationPlatforms) = preSolution
		Debug|Any CPU = Debug|Any CPU
		Release|Any CPU = Release|Any CPU
	EndGlobalSection
	GlobalSection(ProjectConfigurationPlatforms) = postSolution
		{5D54CB52-453C-47D7-91B0-F434D86FA29B}.Debug|Any CPU.ActiveCfg = Debug|Any CPU
		{5D54CB52-453C-47D7-91B0-F434D86FA29B}.Debug|Any CPU.Build.0 = Debug|Any CPU
		{5D54CB52-453C-47D7-91B0-F434D86FA29B}.Release|Any CPU.ActiveCfg = Release|Any CPU
		{5D54CB52-453C-47D7-91B0-F434D86FA29B}.Release|Any CPU.Build.0 = Release|Any CPU
	EndGlobalSection
	GlobalSection(SolutionProperties) = preSolution
		HideSolutionNode = FALSE
	EndGlobalSection
	GlobalSection(ExtensibilityGlobals) = postSolution
		SolutionGuid = {583A955E-91AB-4FC6-B53E-C2A6F4411466}
	EndGlobalSection
EndGlobal
